version: 6
environments:
  default:
    channels:
    - url: https://conda.anaconda.org/conda-forge/
    - url: https://conda.anaconda.org/munch-group/
    packages:
      osx-arm64:
      - conda: https://conda.anaconda.org/conda-forge/noarch/_python_abi3_support-1.0-hd8ed1ab_2.conda
      - conda: https://conda.anaconda.org/conda-forge/noarch/annotated-doc-0.0.4-pyhcf101f3_0.conda
      - conda: https://conda.anaconda.org/conda-forge/noarch/annotated-types-0.7.0-pyhd8ed1ab_1.conda
      - conda: https://conda.anaconda.org/conda-forge/noarch/anthropic-0.89.0-pyhd8ed1ab_0.conda
      - conda: https://conda.anaconda.org/conda-forge/noarch/anyio-4.13.0-pyhcf101f3_0.conda
      - conda: https://conda.anaconda.org/conda-forge/noarch/backports.zstd-1.3.0-py314h680f03e_0.conda
      - conda: https://conda.anaconda.org/conda-forge/osx-arm64/brotli-python-1.2.0-py314h3daef5d_1.conda
      - conda: https://conda.anaconda.org/conda-forge/osx-arm64/bzip2-1.0.8-hd037594_9.conda
      - conda: https://conda.anaconda.org/conda-forge/noarch/ca-certificates-2026.2.25-hbd8a1cb_0.conda
      - conda: https://conda.anaconda.org/conda-forge/noarch/cached-property-1.5.2-hd8ed1ab_1.tar.bz2
      - conda: https://conda.anaconda.org/conda-forge/noarch/cached_property-1.5.2-pyha770c72_1.tar.bz2
      - conda: https://conda.anaconda.org/conda-forge/noarch/certifi-2026.2.25-pyhd8ed1ab_0.conda
      - conda: https://conda.anaconda.org/conda-forge/noarch/charset-normalizer-3.4.7-pyhd8ed1ab_0.conda
      - conda: https://conda.anaconda.org/conda-forge/noarch/click-8.3.1-pyh8f84b5b_1.conda
      - conda: https://conda.anaconda.org/conda-forge/noarch/cpython-3.14.3-py314hd8ed1ab_101.conda
      - conda: https://conda.anaconda.org/conda-forge/noarch/distro-1.9.0-pyhd8ed1ab_1.conda
      - conda: https://conda.anaconda.org/conda-forge/noarch/docstring_parser-0.17.0-pyhd8ed1ab_0.conda
      - conda: https://conda.anaconda.org/conda-forge/noarch/exceptiongroup-1.3.1-pyhd8ed1ab_0.conda
      - conda: https://conda.anaconda.org/conda-forge/noarch/filelock-3.25.2-pyhd8ed1ab_0.conda
      - conda: https://conda.anaconda.org/conda-forge/noarch/fsspec-2026.3.0-pyhd8ed1ab_0.conda
      - conda: https://conda.anaconda.org/conda-forge/noarch/h11-0.16.0-pyhcf101f3_1.conda
      - conda: https://conda.anaconda.org/conda-forge/noarch/h2-4.3.0-pyhcf101f3_0.conda
      - conda: https://conda.anaconda.org/conda-forge/osx-arm64/hf-xet-1.4.3-py310he76dbf2_0.conda
      - conda: https://conda.anaconda.org/conda-forge/noarch/hpack-4.1.0-pyhd8ed1ab_0.conda
      - conda: https://conda.anaconda.org/conda-forge/noarch/httpcore-1.0.9-pyh29332c3_0.conda
      - conda: https://conda.anaconda.org/conda-forge/noarch/httpx-0.28.1-pyhd8ed1ab_0.conda
      - conda: https://conda.anaconda.org/conda-forge/noarch/huggingface_hub-1.9.0-pyhd8ed1ab_0.conda
      - conda: https://conda.anaconda.org/conda-forge/noarch/hyperframe-6.1.0-pyhd8ed1ab_0.conda
      - conda: https://conda.anaconda.org/conda-forge/osx-arm64/icu-78.3-hef89b57_0.conda
      - conda: https://conda.anaconda.org/conda-forge/noarch/idna-3.11-pyhd8ed1ab_0.conda
      - conda: https://conda.anaconda.org/conda-forge/osx-arm64/jiter-0.13.0-py314ha97066b_0.conda
      - conda: https://conda.anaconda.org/conda-forge/osx-arm64/libcxx-22.1.2-h55c6f16_0.conda
      - conda: https://conda.anaconda.org/conda-forge/osx-arm64/libexpat-2.7.4-hf6b4638_0.conda
      - conda: https://conda.anaconda.org/conda-forge/osx-arm64/libffi-3.5.2-hcf2aa1b_0.conda
      - conda: https://conda.anaconda.org/conda-forge/osx-arm64/liblzma-5.8.2-h8088a28_0.conda
      - conda: https://conda.anaconda.org/conda-forge/osx-arm64/libmpdec-4.0.0-h84a0fba_1.conda
      - conda: https://conda.anaconda.org/conda-forge/osx-arm64/libsqlite-3.52.0-h1ae2325_0.conda
      - conda: https://conda.anaconda.org/conda-forge/osx-arm64/libzlib-1.3.2-h8088a28_2.conda
      - conda: https://conda.anaconda.org/conda-forge/noarch/markdown-it-py-4.0.0-pyhd8ed1ab_0.conda
      - conda: https://conda.anaconda.org/conda-forge/noarch/mdurl-0.1.2-pyhd8ed1ab_1.conda
      - conda: https://conda.anaconda.org/conda-forge/osx-arm64/ncurses-6.5-h5e97a16_3.conda
      - conda: https://conda.anaconda.org/conda-forge/osx-arm64/openssl-3.6.1-hd24854e_1.conda
      - conda: https://conda.anaconda.org/conda-forge/noarch/packaging-26.0-pyhcf101f3_0.conda
      - conda: https://conda.anaconda.org/conda-forge/noarch/pydantic-2.12.5-pyhcf101f3_1.conda
      - conda: https://conda.anaconda.org/conda-forge/osx-arm64/pydantic-core-2.41.5-py314haad56a0_1.conda
      - conda: https://conda.anaconda.org/conda-forge/noarch/pygments-2.20.0-pyhd8ed1ab_0.conda
      - conda: https://conda.anaconda.org/conda-forge/noarch/pysocks-1.7.1-pyha55dd90_7.conda
      - conda: https://conda.anaconda.org/conda-forge/osx-arm64/python-3.14.3-h4c637c5_101_cp314.conda
      - conda: https://conda.anaconda.org/conda-forge/noarch/python-gil-3.14.3-h4df99d1_101.conda
      - conda: https://conda.anaconda.org/conda-forge/noarch/python_abi-3.14-8_cp314.conda
      - conda: https://conda.anaconda.org/conda-forge/osx-arm64/pyyaml-6.0.3-py314h6e9b3f0_1.conda
      - conda: https://conda.anaconda.org/conda-forge/osx-arm64/readline-8.3-h46df422_0.conda
      - conda: https://conda.anaconda.org/conda-forge/noarch/requests-2.33.1-pyhcf101f3_0.conda
      - conda: https://conda.anaconda.org/conda-forge/noarch/rich-14.3.3-pyhcf101f3_0.conda
      - conda: https://conda.anaconda.org/conda-forge/noarch/shellingham-1.5.4-pyhd8ed1ab_2.conda
      - conda: https://conda.anaconda.org/conda-forge/noarch/sniffio-1.3.1-pyhd8ed1ab_2.conda
      - conda: https://conda.anaconda.org/conda-forge/osx-arm64/tk-8.6.13-h010d191_3.conda
      - conda: https://conda.anaconda.org/conda-forge/osx-arm64/tokenizers-0.22.2-py314h84b920e_0.conda
      - conda: https://conda.anaconda.org/conda-forge/noarch/tqdm-4.67.3-pyh8f84b5b_0.conda
      - conda: https://conda.anaconda.org/conda-forge/noarch/typer-0.24.1-pyhcf101f3_0.conda
      - conda: https://conda.anaconda.org/conda-forge/noarch/typing-extensions-4.15.0-h396c80c_0.conda
      - conda: https://conda.anaconda.org/conda-forge/noarch/typing-inspection-0.4.2-pyhd8ed1ab_1.conda
      - conda: https://conda.anaconda.org/conda-forge/noarch/typing_extensions-4.15.0-pyhcf101f3_0.conda
      - conda: https://conda.anaconda.org/conda-forge/noarch/tzdata-2025c-hc9c84f9_1.conda
      - conda: https://conda.anaconda.org/conda-forge/noarch/urllib3-2.6.3-pyhd8ed1ab_0.conda
      - conda: https://conda.anaconda.org/conda-forge/osx-arm64/yaml-0.2.5-h925e9cb_3.conda
      - conda: https://conda.anaconda.org/conda-forge/osx-arm64/zstd-1.5.7-hbf9d68e_6.conda
packages:
- conda: https://conda.anaconda.org/conda-forge/noarch/_python_abi3_support-1.0-hd8ed1ab_2.conda
  sha256: a3967b937b9abf0f2a99f3173fa4630293979bd1644709d89580e7c62a544661
  md5: aaa2a381ccc56eac91d63b6c1240312f
  depends:
  - cpython
  - python-gil
  license: MIT
  license_family: MIT
  size: 8191
  timestamp: 1744137672556
- conda: https://conda.anaconda.org/conda-forge/noarch/annotated-doc-0.0.4-pyhcf101f3_0.conda
  sha256: cc9fbc50d4ee7ee04e49ee119243e6f1765750f0fd0b4d270d5ef35461b643b1
  md5: 52be5139047efadaeeb19c6a5103f92a
  depends:
  - python >=3.10
  - python
  license: MIT
  license_family: MIT
  size: 14222
  timestamp: 1762868213144
- conda: https://conda.anaconda.org/conda-forge/noarch/annotated-types-0.7.0-pyhd8ed1ab_1.conda
  sha256: e0ea1ba78fbb64f17062601edda82097fcf815012cf52bb704150a2668110d48
  md5: 2934f256a8acfe48f6ebb4fce6cde29c
  depends:
  - python >=3.9
  - typing-extensions >=4.0.0
  license: MIT
  license_family: MIT
  size: 18074
  timestamp: 1733247158254
- conda: https://conda.anaconda.org/conda-forge/noarch/anthropic-0.89.0-pyhd8ed1ab_0.conda
  sha256: 0bc754ad07e944e2f22a25533fa92474c52cf9db7e915c406074a6441105373a
  md5: 17e7c569e4f6bcfbc0997ce5c0ca2122
  depends:
  - anyio >=3.5.0,<5
  - cached-property
  - distro >=1.7.0,<2
  - docstring_parser >=0.15,<1
  - httpx >=0.25.0,<1
  - jiter >=0.4.0,<1
  - pydantic >=1.9.0,<3
  - python >=3.10,<4.0.0
  - sniffio
  - tokenizers >=0.13.0
  - typing-extensions >=4.7,<5
  - typing_extensions >=4.14,<5
  license: MIT
  license_family: MIT
  size: 200303
  timestamp: 1775255767086
- conda: https://conda.anaconda.org/conda-forge/noarch/anyio-4.13.0-pyhcf101f3_0.conda
  sha256: f09aed24661cd45ba54a43772504f05c0698248734f9ae8cd289d314ac89707e
  md5: af2df4b9108808da3dc76710fe50eae2
  depends:
  - exceptiongroup >=1.0.2
  - idna >=2.8
  - python >=3.10
  - typing_extensions >=4.5
  - python
  constrains:
  - trio >=0.32.0
  - uvloop >=0.22.1
  - winloop >=0.2.3
  license: MIT
  license_family: MIT
  size: 146764
  timestamp: 1774359453364
- conda: https://conda.anaconda.org/conda-forge/noarch/backports.zstd-1.3.0-py314h680f03e_0.conda
  noarch: generic
  sha256: c31ab719d256bc6f89926131e88ecd0f0c5d003fe8481852c6424f4ec6c7eb29
  md5: a2ac7763a9ac75055b68f325d3255265
  depends:
  - python >=3.14
  license: BSD-3-Clause AND MIT AND EPL-2.0
  size: 7514
  timestamp: 1767044983590
- conda: https://conda.anaconda.org/conda-forge/osx-arm64/brotli-python-1.2.0-py314h3daef5d_1.conda
  sha256: 5c2e471fd262fcc3c5a9d5ea4dae5917b885e0e9b02763dbd0f0d9635ed4cb99
  md5: f9501812fe7c66b6548c7fcaa1c1f252
  depends:
  - __osx >=11.0
  - libcxx >=19
  - python >=3.14,<3.15.0a0
  - python >=3.14,<3.15.0a0 *_cp314
  - python_abi 3.14.* *_cp314
  constrains:
  - libbrotlicommon 1.2.0 hc919400_1
  license: MIT
  license_family: MIT
  size: 359854
  timestamp: 1764018178608
- conda: https://conda.anaconda.org/conda-forge/osx-arm64/bzip2-1.0.8-hd037594_9.conda
  sha256: 540fe54be35fac0c17feefbdc3e29725cce05d7367ffedfaaa1bdda234b019df
  md5: 620b85a3f45526a8bc4d23fd78fc22f0
  depends:
  - __osx >=11.0
  license: bzip2-1.0.6
  license_family: BSD
  size: 124834
  timestamp: 1771350416561
- conda: https://conda.anaconda.org/conda-forge/noarch/ca-certificates-2026.2.25-hbd8a1cb_0.conda
  sha256: 67cc7101b36421c5913a1687ef1b99f85b5d6868da3abbf6ec1a4181e79782fc
  md5: 4492fd26db29495f0ba23f146cd5638d
  depends:
  - __unix
  license: ISC
  size: 147413
  timestamp: 1772006283803
- conda: https://conda.anaconda.org/conda-forge/noarch/cached-property-1.5.2-hd8ed1ab_1.tar.bz2
  noarch: python
  sha256: 561e6660f26c35d137ee150187d89767c988413c978e1b712d53f27ddf70ea17
  md5: 9b347a7ec10940d3f7941ff6c460b551
  depends:
  - cached_property >=1.5.2,<1.5.3.0a0
  license: BSD-3-Clause
  license_family: BSD
  size: 4134
  timestamp: 1615209571450
- conda: https://conda.anaconda.org/conda-forge/noarch/cached_property-1.5.2-pyha770c72_1.tar.bz2
  sha256: 6dbf7a5070cc43d90a1e4c2ec0c541c69d8e30a0e25f50ce9f6e4a432e42c5d7
  md5: 576d629e47797577ab0f1b351297ef4a
  depends:
  - python >=3.6
  license: BSD-3-Clause
  license_family: BSD
  size: 11065
  timestamp: 1615209567874
- conda: https://conda.anaconda.org/conda-forge/noarch/certifi-2026.2.25-pyhd8ed1ab_0.conda
  sha256: a6b118fd1ed6099dc4fc03f9c492b88882a780fadaef4ed4f93dc70757713656
  md5: 765c4d97e877cdbbb88ff33152b86125
  depends:
  - python >=3.10
  license: ISC
  size: 151445
  timestamp: 1772001170301
- conda: https://conda.anaconda.org/conda-forge/noarch/charset-normalizer-3.4.7-pyhd8ed1ab_0.conda
  sha256: 3f9483d62ce24ecd063f8a5a714448445dc8d9e201147c46699fc0033e824457
  md5: a9167b9571f3baa9d448faa2139d1089
  depends:
  - python >=3.10
  license: MIT
  license_family: MIT
  size: 58872
  timestamp: 1775127203018
- conda: https://conda.anaconda.org/conda-forge/noarch/click-8.3.1-pyh8f84b5b_1.conda
  sha256: 38cfe1ee75b21a8361c8824f5544c3866f303af1762693a178266d7f198e8715
  md5: ea8a6c3256897cc31263de9f455e25d9
  depends:
  - python >=3.10
  - __unix
  - python
  license: BSD-3-Clause
  license_family: BSD
  size: 97676
  timestamp: 1764518652276
- conda: https://conda.anaconda.org/conda-forge/noarch/cpython-3.14.3-py314hd8ed1ab_101.conda
  noarch: generic
  sha256: 91b06300879df746214f7363d6c27c2489c80732e46a369eb2afc234bcafb44c
  md5: 3bb89e4f795e5414addaa531d6b1500a
  depends:
  - python >=3.14,<3.15.0a0
  - python_abi * *_cp314
  license: Python-2.0
  size: 50078
  timestamp: 1770674447292
- conda: https://conda.anaconda.org/conda-forge/noarch/distro-1.9.0-pyhd8ed1ab_1.conda
  sha256: 5603c7d0321963bb9b4030eadabc3fd7ca6103a38475b4e0ed13ed6d97c86f4e
  md5: 0a2014fd9860f8b1eaa0b1f3d3771a08
  depends:
  - python >=3.9
  license: Apache-2.0
  license_family: APACHE
  size: 41773
  timestamp: 1734729953882
- conda: https://conda.anaconda.org/conda-forge/noarch/docstring_parser-0.17.0-pyhd8ed1ab_0.conda
  sha256: 3069a555097f084d3b7bc8f9efbb42f9907ecbfa24d310c63df9814a8df491af
  md5: ce49d3e5a7d20be2ba57a2c670bdd82e
  depends:
  - python >=3.9
  license: MIT
  license_family: MIT
  size: 31742
  timestamp: 1753195731224
- conda: https://conda.anaconda.org/conda-forge/noarch/exceptiongroup-1.3.1-pyhd8ed1ab_0.conda
  sha256: ee6cf346d017d954255bbcbdb424cddea4d14e4ed7e9813e429db1d795d01144
  md5: 8e662bd460bda79b1ea39194e3c4c9ab
  depends:
  - python >=3.10
  - typing_extensions >=4.6.0
  license: MIT and PSF-2.0
  size: 21333
  timestamp: 1763918099466
- conda: https://conda.anaconda.org/conda-forge/noarch/filelock-3.25.2-pyhd8ed1ab_0.conda
  sha256: dddea9ec53d5e179de82c24569d41198f98db93314f0adae6b15195085d5567f
  md5: f58064cec97b12a7136ebb8a6f8a129b
  depends:
  - python >=3.10
  license: Unlicense
  size: 25845
  timestamp: 1773314012590
- conda: https://conda.anaconda.org/conda-forge/noarch/fsspec-2026.3.0-pyhd8ed1ab_0.conda
  sha256: b4a7aec32167502dd4a2d1fb1208c63760828d7111339aa5b305b2d776afa70f
  md5: c18d2ba7577cdc618a20d45f1e31d14b
  depends:
  - python >=3.10
  license: BSD-3-Clause
  license_family: BSD
  size: 148973
  timestamp: 1774699581537
- conda: https://conda.anaconda.org/conda-forge/noarch/h11-0.16.0-pyhcf101f3_1.conda
  sha256: 96cac6573fd35ae151f4d6979bab6fbc90cb6b1fb99054ba19eb075da9822fcb
  md5: b8993c19b0c32a2f7b66cbb58ca27069
  depends:
  - python >=3.10
  - typing_extensions
  - python
  license: MIT
  license_family: MIT
  size: 39069
  timestamp: 1767729720872
- conda: https://conda.anaconda.org/conda-forge/noarch/h2-4.3.0-pyhcf101f3_0.conda
  sha256: 84c64443368f84b600bfecc529a1194a3b14c3656ee2e832d15a20e0329b6da3
  md5: 164fc43f0b53b6e3a7bc7dce5e4f1dc9
  depends:
  - python >=3.10
  - hyperframe >=6.1,<7
  - hpack >=4.1,<5
  - python
  license: MIT
  license_family: MIT
  size: 95967
  timestamp: 1756364871835
- conda: https://conda.anaconda.org/conda-forge/osx-arm64/hf-xet-1.4.3-py310he76dbf2_0.conda
  noarch: python
  sha256: 55b922780612121f6ccaf1fb71396570c67e9c0f1c95e4955465068d98ceb3a8
  md5: f97178f59799df5280de6654a8fad2c5
  depends:
  - python
  - __osx >=11.0
  - _python_abi3_support 1.*
  - cpython >=3.10
  - openssl >=3.5.5,<4.0a0
  constrains:
  - __osx >=11.0
  license: Apache-2.0
  license_family: APACHE
  size: 3159437
  timestamp: 1775006423684
- conda: https://conda.anaconda.org/conda-forge/noarch/hpack-4.1.0-pyhd8ed1ab_0.conda
  sha256: 6ad78a180576c706aabeb5b4c8ceb97c0cb25f1e112d76495bff23e3779948ba
  md5: 0a802cb9888dd14eeefc611f05c40b6e
  depends:
  - python >=3.9
  license: MIT
  license_family: MIT
  size: 30731
  timestamp: 1737618390337
- conda: https://conda.anaconda.org/conda-forge/noarch/httpcore-1.0.9-pyh29332c3_0.conda
  sha256: 04d49cb3c42714ce533a8553986e1642d0549a05dc5cc48e0d43ff5be6679a5b
  md5: 4f14640d58e2cc0aa0819d9d8ba125bb
  depends:
  - python >=3.9
  - h11 >=0.16
  - h2 >=3,<5
  - sniffio 1.*
  - anyio >=4.0,<5.0
  - certifi
  - python
  license: BSD-3-Clause
  license_family: BSD
  size: 49483
  timestamp: 1745602916758
- conda: https://conda.anaconda.org/conda-forge/noarch/httpx-0.28.1-pyhd8ed1ab_0.conda
  sha256: cd0f1de3697b252df95f98383e9edb1d00386bfdd03fdf607fa42fe5fcb09950
  md5: d6989ead454181f4f9bc987d3dc4e285
  depends:
  - anyio
  - certifi
  - httpcore 1.*
  - idna
  - python >=3.9
  license: BSD-3-Clause
  license_family: BSD
  size: 63082
  timestamp: 1733663449209
- conda: https://conda.anaconda.org/conda-forge/noarch/huggingface_hub-1.9.0-pyhd8ed1ab_0.conda
  sha256: faa1fda1a3af1172ed07dbaceb338594d3b4c941f7e3c88a26f386d7a05c782c
  md5: 0aaa3eca2489e7cb262e91a00d84f531
  depends:
  - filelock >=3.10.0
  - fsspec >=2023.5.0
  - hf-xet >=1.4.3,<2.0.0
  - httpx >=0.23.0,<1
  - packaging >=20.9
  - python >=3.10
  - pyyaml >=5.1
  - requests
  - tqdm >=4.42.1
  - typer
  - typing-extensions >=3.7.4.3
  - typing_extensions >=4.1.0
  license: Apache-2.0
  license_family: APACHE
  size: 400410
  timestamp: 1775211099170
- conda: https://conda.anaconda.org/conda-forge/noarch/hyperframe-6.1.0-pyhd8ed1ab_0.conda
  sha256: 77af6f5fe8b62ca07d09ac60127a30d9069fdc3c68d6b256754d0ffb1f7779f8
  md5: 8e6923fc12f1fe8f8c4e5c9f343256ac
  depends:
  - python >=3.9
  license: MIT
  license_family: MIT
  size: 17397
  timestamp: 1737618427549
- conda: https://conda.anaconda.org/conda-forge/osx-arm64/icu-78.3-hef89b57_0.conda
  sha256: 3a7907a17e9937d3a46dfd41cffaf815abad59a569440d1e25177c15fd0684e5
  md5: f1182c91c0de31a7abd40cedf6a5ebef
  depends:
  - __osx >=11.0
  license: MIT
  license_family: MIT
  size: 12361647
  timestamp: 1773822915649
- conda: https://conda.anaconda.org/conda-forge/noarch/idna-3.11-pyhd8ed1ab_0.conda
  sha256: ae89d0299ada2a3162c2614a9d26557a92aa6a77120ce142f8e0109bbf0342b0
  md5: 53abe63df7e10a6ba605dc5f9f961d36
  depends:
  - python >=3.10
  license: BSD-3-Clause
  license_family: BSD
  size: 50721
  timestamp: 1760286526795
- conda: https://conda.anaconda.org/conda-forge/osx-arm64/jiter-0.13.0-py314ha97066b_0.conda
  sha256: 02dd1d0dda1d83f7fe19ecbabc906f7d2f9996cea61afbcac4b3acee1de1a2da
  md5: 43ffa9778b9338557d32cccd4eacaa80
  depends:
  - __osx >=11.0
  - python >=3.14,<3.15.0a0
  - python >=3.14,<3.15.0a0 *_cp314
  - python_abi 3.14.* *_cp314
  constrains:
  - __osx >=11.0
  license: MIT
  license_family: MIT
  size: 266012
  timestamp: 1770048233853
- conda: https://conda.anaconda.org/conda-forge/osx-arm64/libcxx-22.1.2-h55c6f16_0.conda
  sha256: d1402087c8792461bfc081629e8aa97e6e577a31ae0b84e6b9cc144a18f48067
  md5: 4280e0a7fd613b271e022e60dea0138c
  depends:
  - __osx >=11.0
  license: Apache-2.0 WITH LLVM-exception
  license_family: Apache
  size: 568094
  timestamp: 1774439202359
- conda: https://conda.anaconda.org/conda-forge/osx-arm64/libexpat-2.7.4-hf6b4638_0.conda
  sha256: 03887d8080d6a8fe02d75b80929271b39697ecca7628f0657d7afaea87761edf
  md5: a92e310ae8dfc206ff449f362fc4217f
  depends:
  - __osx >=11.0
  constrains:
  - expat 2.7.4.*
  license: MIT
  license_family: MIT
  size: 68199
  timestamp: 1771260020767
- conda: https://conda.anaconda.org/conda-forge/osx-arm64/libffi-3.5.2-hcf2aa1b_0.conda
  sha256: 6686a26466a527585e6a75cc2a242bf4a3d97d6d6c86424a441677917f28bec7
  md5: 43c04d9cb46ef176bb2a4c77e324d599
  depends:
  - __osx >=11.0
  license: MIT
  license_family: MIT
  size: 40979
  timestamp: 1769456747661
- conda: https://conda.anaconda.org/conda-forge/osx-arm64/liblzma-5.8.2-h8088a28_0.conda
  sha256: 7bfc7ffb2d6a9629357a70d4eadeadb6f88fa26ebc28f606b1c1e5e5ed99dc7e
  md5: 009f0d956d7bfb00de86901d16e486c7
  depends:
  - __osx >=11.0
  constrains:
  - xz 5.8.2.*
  license: 0BSD
  size: 92242
  timestamp: 1768752982486
- conda: https://conda.anaconda.org/conda-forge/osx-arm64/libmpdec-4.0.0-h84a0fba_1.conda
  sha256: 1089c7f15d5b62c622625ec6700732ece83be8b705da8c6607f4dabb0c4bd6d2
  md5: 57c4be259f5e0b99a5983799a228ae55
  depends:
  - __osx >=11.0
  license: BSD-2-Clause
  license_family: BSD
  size: 73690
  timestamp: 1769482560514
- conda: https://conda.anaconda.org/conda-forge/osx-arm64/libsqlite-3.52.0-h1ae2325_0.conda
  sha256: beb0fd5594d6d7c7cd42c992b6bb4d66cbb39d6c94a8234f15956da99a04306c
  md5: f6233a3fddc35a2ec9f617f79d6f3d71
  depends:
  - __osx >=11.0
  - icu >=78.2,<79.0a0
  - libzlib >=1.3.1,<2.0a0
  license: blessing
  size: 918420
  timestamp: 1772819478684
- conda: https://conda.anaconda.org/conda-forge/osx-arm64/libzlib-1.3.2-h8088a28_2.conda
  sha256: 361415a698514b19a852f5d1123c5da746d4642139904156ddfca7c922d23a05
  md5: bc5a5721b6439f2f62a84f2548136082
  depends:
  - __osx >=11.0
  constrains:
  - zlib 1.3.2 *_2
  license: Zlib
  license_family: Other
  size: 47759
  timestamp: 1774072956767
- conda: https://conda.anaconda.org/conda-forge/noarch/markdown-it-py-4.0.0-pyhd8ed1ab_0.conda
  sha256: 7b1da4b5c40385791dbc3cc85ceea9fad5da680a27d5d3cb8bfaa185e304a89e
  md5: 5b5203189eb668f042ac2b0826244964
  depends:
  - mdurl >=0.1,<1
  - python >=3.10
  license: MIT
  license_family: MIT
  size: 64736
  timestamp: 1754951288511
- conda: https://conda.anaconda.org/conda-forge/noarch/mdurl-0.1.2-pyhd8ed1ab_1.conda
  sha256: 78c1bbe1723449c52b7a9df1af2ee5f005209f67e40b6e1d3c7619127c43b1c7
  md5: 592132998493b3ff25fd7479396e8351
  depends:
  - python >=3.9
  license: MIT
  license_family: MIT
  size: 14465
  timestamp: 1733255681319
- conda: https://conda.anaconda.org/conda-forge/osx-arm64/ncurses-6.5-h5e97a16_3.conda
  sha256: 2827ada40e8d9ca69a153a45f7fd14f32b2ead7045d3bbb5d10964898fe65733
  md5: 068d497125e4bf8a66bf707254fff5ae
  depends:
  - __osx >=11.0
  license: X11 AND BSD-3-Clause
  size: 797030
  timestamp: 1738196177597
- conda: https://conda.anaconda.org/conda-forge/osx-arm64/openssl-3.6.1-hd24854e_1.conda
  sha256: 361f5c5e60052abc12bdd1b50d7a1a43e6a6653aab99a2263bf2288d709dcf67
  md5: f4f6ad63f98f64191c3e77c5f5f29d76
  depends:
  - __osx >=11.0
  - ca-certificates
  license: Apache-2.0
  license_family: Apache
  size: 3104268
  timestamp: 1769556384749
- conda: https://conda.anaconda.org/conda-forge/noarch/packaging-26.0-pyhcf101f3_0.conda
  sha256: c1fc0f953048f743385d31c468b4a678b3ad20caffdeaa94bed85ba63049fd58
  md5: b76541e68fea4d511b1ac46a28dcd2c6
  depends:
  - python >=3.8
  - python
  license: Apache-2.0
  license_family: APACHE
  size: 72010
  timestamp: 1769093650580
- conda: https://conda.anaconda.org/conda-forge/noarch/pydantic-2.12.5-pyhcf101f3_1.conda
  sha256: 868569d9505b7fe246c880c11e2c44924d7613a8cdcc1f6ef85d5375e892f13d
  md5: c3946ed24acdb28db1b5d63321dbca7d
  depends:
  - typing-inspection >=0.4.2
  - typing_extensions >=4.14.1
  - python >=3.10
  - typing-extensions >=4.6.1
  - annotated-types >=0.6.0
  - pydantic-core ==2.41.5
  - python
  license: MIT
  license_family: MIT
  size: 340482
  timestamp: 1764434463101
- conda: https://conda.anaconda.org/conda-forge/osx-arm64/pydantic-core-2.41.5-py314haad56a0_1.conda
  sha256: dded9092d89f1d8c267d5ce8b5e21f935c51acb7a64330f507cdfb3b69a98116
  md5: 420a4b8024e9b22880f1e03b612afa7d
  depends:
  - python
  - typing-extensions >=4.6.0,!=4.7.0
  - __osx >=11.0
  - python 3.14.* *_cp314
  - python_abi 3.14.* *_cp314
  constrains:
  - __osx >=11.0
  license: MIT
  license_family: MIT
  size: 1784478
  timestamp: 1762989019956
- conda: https://conda.anaconda.org/conda-forge/noarch/pygments-2.20.0-pyhd8ed1ab_0.conda
  sha256: cf70b2f5ad9ae472b71235e5c8a736c9316df3705746de419b59d442e8348e86
  md5: 16c18772b340887160c79a6acc022db0
  depends:
  - python >=3.10
  license: BSD-2-Clause
  license_family: BSD
  size: 893031
  timestamp: 1774796815820
- conda: https://conda.anaconda.org/conda-forge/noarch/pysocks-1.7.1-pyha55dd90_7.conda
  sha256: ba3b032fa52709ce0d9fd388f63d330a026754587a2f461117cac9ab73d8d0d8
  md5: 461219d1a5bd61342293efa2c0c90eac
  depends:
  - __unix
  - python >=3.9
  license: BSD-3-Clause
  license_family: BSD
  size: 21085
  timestamp: 1733217331982
- conda: https://conda.anaconda.org/conda-forge/osx-arm64/python-3.14.3-h4c637c5_101_cp314.conda
  build_number: 101
  sha256: fccce2af62d11328d232df9f6bbf63464fd45f81f718c661757f9c628c4378ce
  md5: 753c8d0447677acb7ddbcc6e03e82661
  depends:
  - __osx >=11.0
  - bzip2 >=1.0.8,<2.0a0
  - libexpat >=2.7.3,<3.0a0
  - libffi >=3.5.2,<3.6.0a0
  - liblzma >=5.8.2,<6.0a0
  - libmpdec >=4.0.0,<5.0a0
  - libsqlite >=3.51.2,<4.0a0
  - libzlib >=1.3.1,<2.0a0
  - ncurses >=6.5,<7.0a0
  - openssl >=3.5.5,<4.0a0
  - python_abi 3.14.* *_cp314
  - readline >=8.3,<9.0a0
  - tk >=8.6.13,<8.7.0a0
  - tzdata
  - zstd >=1.5.7,<1.6.0a0
  license: Python-2.0
  size: 13522698
  timestamp: 1770675365241
  python_site_packages_path: lib/python3.14/site-packages
- conda: https://conda.anaconda.org/conda-forge/noarch/python-gil-3.14.3-h4df99d1_101.conda
  sha256: 233aebd94c704ac112afefbb29cf4170b7bc606e22958906f2672081bc50638a
  md5: 235765e4ea0d0301c75965985163b5a1
  depends:
  - cpython 3.14.3.*
  - python_abi * *_cp314
  license: Python-2.0
  size: 50062
  timestamp: 1770674497152
- conda: https://conda.anaconda.org/conda-forge/noarch/python_abi-3.14-8_cp314.conda
  build_number: 8
  sha256: ad6d2e9ac39751cc0529dd1566a26751a0bf2542adb0c232533d32e176e21db5
  md5: 0539938c55b6b1a59b560e843ad864a4
  constrains:
  - python 3.14.* *_cp314
  license: BSD-3-Clause
  license_family: BSD
  size: 6989
  timestamp: 1752805904792
- conda: https://conda.anaconda.org/conda-forge/osx-arm64/pyyaml-6.0.3-py314h6e9b3f0_1.conda
  sha256: 95f385f9606e30137cf0b5295f63855fd22223a4cf024d306cf9098ea1c4a252
  md5: dcf51e564317816cb8d546891019b3ab
  depends:
  - __osx >=11.0
  - python >=3.14,<3.15.0a0
  - python >=3.14,<3.15.0a0 *_cp314
  - python_abi 3.14.* *_cp314
  - yaml >=0.2.5,<0.3.0a0
  license: MIT
  license_family: MIT
  size: 189475
  timestamp: 1770223788648
- conda: https://conda.anaconda.org/conda-forge/osx-arm64/readline-8.3-h46df422_0.conda
  sha256: a77010528efb4b548ac2a4484eaf7e1c3907f2aec86123ed9c5212ae44502477
  md5: f8381319127120ce51e081dce4865cf4
  depends:
  - __osx >=11.0
  - ncurses >=6.5,<7.0a0
  license: GPL-3.0-only
  license_family: GPL
  size: 313930
  timestamp: 1765813902568
- conda: https://conda.anaconda.org/conda-forge/noarch/requests-2.33.1-pyhcf101f3_0.conda
  sha256: c0249bc4bf4c0e8e06d0e7b4d117a5d593cc4ab2144d5006d6d47c83cb0af18e
  md5: 10afbb4dbf06ff959ad25a92ccee6e59
  depends:
  - python >=3.10
  - certifi >=2023.5.7
  - charset-normalizer >=2,<4
  - idna >=2.5,<4
  - urllib3 >=1.26,<3
  - python
  constrains:
  - chardet >=3.0.2,<6
  license: Apache-2.0
  license_family: APACHE
  size: 63712
  timestamp: 1774894783063
- conda: https://conda.anaconda.org/conda-forge/noarch/rich-14.3.3-pyhcf101f3_0.conda
  sha256: b06ce84d6a10c266811a7d3adbfa1c11f13393b91cc6f8a5b468277d90be9590
  md5: 7a6289c50631d620652f5045a63eb573
  depends:
  - markdown-it-py >=2.2.0
  - pygments >=2.13.0,<3.0.0
  - python >=3.10
  - typing_extensions >=4.0.0,<5.0.0
  - python
  license: MIT
  license_family: MIT
  size: 208472
  timestamp: 1771572730357
- conda: https://conda.anaconda.org/conda-forge/noarch/shellingham-1.5.4-pyhd8ed1ab_2.conda
  sha256: 1d6534df8e7924d9087bd388fbac5bd868c5bf8971c36885f9f016da0657d22b
  md5: 83ea3a2ddb7a75c1b09cea582aa4f106
  depends:
  - python >=3.10
  license: MIT
  license_family: MIT
  size: 15018
  timestamp: 1762858315311
- conda: https://conda.anaconda.org/conda-forge/noarch/sniffio-1.3.1-pyhd8ed1ab_2.conda
  sha256: dce518f45e24cd03f401cb0616917773159a210c19d601c5f2d4e0e5879d30ad
  md5: 03fe290994c5e4ec17293cfb6bdce520
  depends:
  - python >=3.10
  license: Apache-2.0
  license_family: Apache
  size: 15698
  timestamp: 1762941572482
- conda: https://conda.anaconda.org/conda-forge/osx-arm64/tk-8.6.13-h010d191_3.conda
  sha256: 799cab4b6cde62f91f750149995d149bc9db525ec12595e8a1d91b9317f038b3
  md5: a9d86bc62f39b94c4661716624eb21b0
  depends:
  - __osx >=11.0
  - libzlib >=1.3.1,<2.0a0
  license: TCL
  license_family: BSD
  size: 3127137
  timestamp: 1769460817696
- conda: https://conda.anaconda.org/conda-forge/osx-arm64/tokenizers-0.22.2-py314h84b920e_0.conda
  sha256: b6b28e7ba6bad0a12bf466329f7cec6e5e9e3391ab2516fd7104c98b1cfae762
  md5: 74cf6b7acb49ac938c70a5693506e905
  depends:
  - __osx >=11.0
  - huggingface_hub >=0.16.4,<2.0
  - libcxx >=19
  - python >=3.14,<3.15.0a0
  - python >=3.14,<3.15.0a0 *_cp314
  - python_abi 3.14.* *_cp314
  constrains:
  - __osx >=11.0
  license: Apache-2.0
  license_family: APACHE
  size: 2206342
  timestamp: 1764695882354
- conda: https://conda.anaconda.org/conda-forge/noarch/tqdm-4.67.3-pyh8f84b5b_0.conda
  sha256: 9ef8e47cf00e4d6dcc114eb32a1504cc18206300572ef14d76634ba29dfe1eb6
  md5: e5ce43272193b38c2e9037446c1d9206
  depends:
  - python >=3.10
  - __unix
  - python
  license: MPL-2.0 and MIT
  size: 94132
  timestamp: 1770153424136
- conda: https://conda.anaconda.org/conda-forge/noarch/typer-0.24.1-pyhcf101f3_0.conda
  sha256: 859aec3457a4d6dd6e4a68d9f4ad4216ce05e1a1a94d244f10629848de77739b
  md5: 0bb9dfbe0806165f4960331a0ac05ab5
  depends:
  - annotated-doc >=0.0.2
  - click >=8.2.1
  - python >=3.10
  - rich >=12.3.0
  - shellingham >=1.3.0
  - python
  license: MIT
  license_family: MIT
  size: 116134
  timestamp: 1775138098187
- conda: https://conda.anaconda.org/conda-forge/noarch/typing-extensions-4.15.0-h396c80c_0.conda
  sha256: 7c2df5721c742c2a47b2c8f960e718c930031663ac1174da67c1ed5999f7938c
  md5: edd329d7d3a4ab45dcf905899a7a6115
  depends:
  - typing_extensions ==4.15.0 pyhcf101f3_0
  license: PSF-2.0
  license_family: PSF
  size: 91383
  timestamp: 1756220668932
- conda: https://conda.anaconda.org/conda-forge/noarch/typing-inspection-0.4.2-pyhd8ed1ab_1.conda
  sha256: 70db27de58a97aeb7ba7448366c9853f91b21137492e0b4430251a1870aa8ff4
  md5: a0a4a3035667fc34f29bfbd5c190baa6
  depends:
  - python >=3.10
  - typing_extensions >=4.12.0
  license: MIT
  license_family: MIT
  size: 18923
  timestamp: 1764158430324
- conda: https://conda.anaconda.org/conda-forge/noarch/typing_extensions-4.15.0-pyhcf101f3_0.conda
  sha256: 032271135bca55aeb156cee361c81350c6f3fb203f57d024d7e5a1fc9ef18731
  md5: 0caa1af407ecff61170c9437a808404d
  depends:
  - python >=3.10
  - python
  license: PSF-2.0
  license_family: PSF
  size: 51692
  timestamp: 1756220668932
- conda: https://conda.anaconda.org/conda-forge/noarch/tzdata-2025c-hc9c84f9_1.conda
  sha256: 1d30098909076af33a35017eed6f2953af1c769e273a0626a04722ac4acaba3c
  md5: ad659d0a2b3e47e38d829aa8cad2d610
  license: LicenseRef-Public-Domain
  size: 119135
  timestamp: 1767016325805
- conda: https://conda.anaconda.org/conda-forge/noarch/urllib3-2.6.3-pyhd8ed1ab_0.conda
  sha256: af641ca7ab0c64525a96fd9ad3081b0f5bcf5d1cbb091afb3f6ed5a9eee6111a
  md5: 9272daa869e03efe68833e3dc7a02130
  depends:
  - backports.zstd >=1.0.0
  - brotli-python >=1.2.0
  - h2 >=4,<5
  - pysocks >=1.5.6,<2.0,!=1.5.7
  - python >=3.10
  license: MIT
  license_family: MIT
  size: 103172
  timestamp: 1767817860341
- conda: https://conda.anaconda.org/conda-forge/osx-arm64/yaml-0.2.5-h925e9cb_3.conda
  sha256: b03433b13d89f5567e828ea9f1a7d5c5d697bf374c28a4168d71e9464f5dafac
  md5: 78a0fe9e9c50d2c381e8ee47e3ea437d
  depends:
  - __osx >=11.0
  license: MIT
  license_family: MIT
  size: 83386
  timestamp: 1753484079473
- conda: https://conda.anaconda.org/conda-forge/osx-arm64/zstd-1.5.7-hbf9d68e_6.conda
  sha256: 9485ba49e8f47d2b597dd399e88f4802e100851b27c21d7525625b0b4025a5d9
  md5: ab136e4c34e97f34fb621d2592a393d8
  depends:
  - __osx >=11.0
  - libzlib >=1.3.1,<2.0a0
  license: BSD-3-Clause
  license_family: BSD
  size: 433413
  timestamp: 1764777166076
